
Microsoft Visual Studio Solution File, Format Version 12.00
# Visual Studio Version 16
VisualStudioVersion = 16.0.30621.155
MinimumVisualStudioVersion = 10.0.40219.1
Project("{9A19103F-16F7-4668-BE54-9A1E7A4F7556}") = "MAD2_Tasks.Core", "MAD2_Tasks.Core.csproj", "{C117B0B4-BE6B-4267-B4ED-12A770654FB1}"
EndProject
Project("{9A19103F-16F7-4668-BE54-9A1E7A4F7556}") = "MAD2_Tasks.General", "..\MAD2_Tasks.General\MAD2_Tasks.General.csproj", "{4F580E9E-B6C5-4237-94AA-DAE73DF54CDF}"
EndProject
Project("{9A19103F-16F7-4668-BE54-9A1E7A4F7556}") = "Task1", "..\Task1\Task1.csproj", "{05892EF2-75BF-49E8-97AD-458A9E4D0D80}"
EndProject
Project("{9A19103F-16F7-4668-BE54-9A1E7A4F7556}") = "Task2", "..\Task2\Task2.csproj", "{7F38FFC1-6517-4A02-9DF9-185F076B225A}"
EndProject
Project("{9A19103F-16F7-4668-BE54-9A1E7A4F7556}") = "Task3", "..\Task3\Task3.csproj", "{02467232-9E32-438E-B765-67DBAE4A04AF}"
EndProject
Project("{9A19103F-16F7-4668-BE54-9A1E7A4F7556}") = "Task4", "..\Task4\Task4.csproj", "{C71D62BF-2838-4031-8424-86884FB78301}"
EndProject
Project("{9A19103F-16F7-4668-BE54-9A1E7A4F7556}") = "Task5", "..\Task5\Task5.csproj", "{3BEC9F41-99FB-4680-95BD-A515B109E97B}"
EndProject
Project("{9A19103F-16F7-4668-BE54-9A1E7A4F7556}") = "Task6", "..\Task6\Task6.csproj", "{8DDAF877-8158-480F-94D3-16926DAD3626}"
EndProject
Project("{FAE04EC0-301F-11D3-BF4B-00C04F79EFBC}") = "Project", "..\Project\Project.csproj", "{0E3ABF4B-D10E-45AD-BBAF-EEAB0DA0EC27}"
EndProject
Global
	GlobalSection(SolutionConfigurationPlatforms) = preSolution
		Debug|Any CPU = Debug|Any CPU
		Release|Any CPU = Release|Any CPU
	EndGlobalSection
	GlobalSection(ProjectConfigurationPlatforms) = postSolution
		{C117B0B4-BE6B-4267-B4ED-12A770654FB1}.Debug|Any CPU.ActiveCfg = Debug|Any CPU
		{C117B0B4-BE6B-4267-B4ED-12A770654FB1}.Debug|Any CPU.Build.0 = Debug|Any CPU
		{C117B0B4-BE6B-4267-B4ED-12A770654FB1}.Release|Any CPU.ActiveCfg = Release|Any CPU
		{C117B0B4-BE6B-4267-B4ED-12A770654FB1}.Release|Any CPU.Build.0 = Release|Any CPU
		{4F580E9E-B6C5-4237-94AA-DAE73DF54CDF}.Debug|Any CPU.ActiveCfg = Debug|Any CPU
		{4F580E9E-B6C5-4237-94AA-DAE73DF54CDF}.Debug|Any CPU.Build.0 = Debug|Any CPU
		{4F580E9E-B6C5-4237-94AA-DAE73DF54CDF}.Release|Any CPU.ActiveCfg = Release|Any CPU
		{4F580E9E-B6C5-4237-94AA-DAE73DF54CDF}.Release|Any CPU.Build.0 = Release|Any CPU
		{05892EF2-75BF-49E8-97AD-458A9E4D0D80}.Debug|Any CPU.ActiveCfg = Debug|Any CPU
		{05892EF2-75BF-49E8-97AD-458A9E4D0D80}.Debug|Any CPU.Build.0 = Debug|Any CPU
		{05892EF2-75BF-49E8-97AD-458A9E4D0D80}.Release|Any CPU.ActiveCfg = Release|Any CPU
		{05892EF2-75BF-49E8-97AD-458A9E4D0D80}.Release|Any CPU.Build.0 = Release|Any CPU
		{7F38FFC1-6517-4A02-9DF9-185F076B225A}.Debug|Any CPU.ActiveCfg = Debug|Any CPU
		{7F38FFC1-6517-4A02-9DF9-185F076B225A}.Debug|Any CPU.Build.0 = Debug|Any CPU
		{7F38FFC1-6517-4A02-9DF9-185F076B225A}.Release|Any CPU.ActiveCfg = Release|Any CPU
		{7F38FFC1-6517-4A02-9DF9-185F076B225A}.Release|Any CPU.Build.0 = Release|Any CPU
		{02467232-9E32-438E-B765-67DBAE4A04AF}.Debug|Any CPU.ActiveCfg = Debug|Any CPU
		{02467232-9E32-438E-B765-67DBAE4A04AF}.Debug|Any CPU.Build.0 = Debug|Any CPU
		{02467232-9E32-438E-B765-67DBAE4A04AF}.Release|Any CPU.ActiveCfg = Release|Any CPU
		{02467232-9E32-438E-B765-67DBAE4A04AF}.Release|Any CPU.Build.0 = Release|Any CPU
		{C71D62BF-2838-4031-8424-86884FB78301}.Debug|Any CPU.ActiveCfg = Debug|Any CPU
		{C71D62BF-2838-4031-8424-86884FB78301}.Debug|Any CPU.Build.0 = Debug|Any CPU
		{C71D62BF-2838-4031-8424-86884FB78301}.Release|Any CPU.ActiveCfg = Release|Any CPU
		{C71D62BF-2838-4031-8424-86884FB78301}.Release|Any CPU.Build.0 = Release|Any CPU
		{3BEC9F41-99FB-4680-95BD-A515B109E97B}.Debug|Any CPU.ActiveCfg = Debug|Any CPU
		{3BEC9F41-99FB-4680-95BD-A515B109E97B}.Debug|Any CPU.Build.0 = Debug|Any CPU
		{3BEC9F41-99FB-4680-95BD-A515B109E97B}.Release|Any CPU.ActiveCfg = Release|Any CPU
		{3BEC9F41-99FB-4680-95BD-A515B109E97B}.Release|Any CPU.Build.0 = Release|Any CPU
		{8DDAF877-8158-480F-94D3-16926DAD3626}.Debug|Any CPU.ActiveCfg = Debug|Any CPU
		{8DDAF877-8158-480F-94D3-16926DAD3626}.Debug|Any CPU.Build.0 = Debug|Any CPU
		{8DDAF877-8158-480F-94D3-16926DAD3626}.Release|Any CPU.ActiveCfg = Release|Any CPU
		{8DDAF877-8158-480F-94D3-16926DAD3626}.Release|Any CPU.Build.0 = Release|Any CPU
		{0E3ABF4B-D10E-45AD-BBAF-EEAB0DA0EC27}.Debug|Any CPU.ActiveCfg = Debug|Any CPU
		{0E3ABF4B-D10E-45AD-BBAF-EEAB0DA0EC27}.Debug|Any CPU.Build.0 = Debug|Any CPU
		{0E3ABF4B-D10E-45AD-BBAF-EEAB0DA0EC27}.Release|Any CPU.ActiveCfg = Release|Any CPU
		{0E3ABF4B-D10E-45AD-BBAF-EEAB0DA0EC27}.Release|Any CPU.Build.0 = Release|Any CPU
	EndGlobalSection
	GlobalSection(SolutionProperties) = preSolution
		HideSolutionNode = FALSE
	EndGlobalSection
	GlobalSection(ExtensibilityGlobals) = postSolution
		SolutionGuid = {5C9EE665-7841-416F-AEF1-3B14D89F9BE8}
	EndGlobalSection
EndGlobal
